
Microsoft Visual Studio Solution File, Format Version 12.00
Project("{FAE04EC0-301F-11D3-BF4B-00C04F79EFBC}") = "Lab4", "Lab4\Lab4.csproj", "{FAB48252-C994-422F-8B6C-D2B54952F2EF}"
EndProject
Global
	GlobalSection(SolutionConfigurationPlatforms) = preSolution
		Debug|Any CPU = Debug|Any CPU
		Release|Any CPU = Release|Any CPU
	EndGlobalSection
	GlobalSection(ProjectConfigurationPlatforms) = postSolution
		{FAB48252-C994-422F-8B6C-D2B54952F2EF}.Debug|Any CPU.ActiveCfg = Debug|Any CPU
		{FAB48252-C994-422F-8B6C-D2B54952F2EF}.Debug|Any CPU.Build.0 = Debug|Any CPU
		{FAB48252-C994-422F-8B6C-D2B54952F2EF}.Release|Any CPU.ActiveCfg = Release|Any CPU
		{FAB48252-C994-422F-8B6C-D2B54952F2EF}.Release|Any CPU.Build.0 = Release|Any CPU
	EndGlobalSection
EndGlobal
